
Microsoft Visual Studio Solution File, Format Version 12.00
# Visual Studio 15
VisualStudioVersion = 15.0.28307.1622
MinimumVisualStudioVersion = 10.0.40219.1
Project("{FAE04EC0-301F-11D3-BF4B-00C04F79EFBC}") = "WildShop.Android", "WildShop\WildShop.Android\WildShop.Android.csproj", "{D4522DAD-E12F-4E0F-899F-DE3B865535FC}"
EndProject
Project("{9A19103F-16F7-4668-BE54-9A1E7A4F7556}") = "WildShop", "WildShop\WildShop\WildShop.csproj", "{F1C4A36B-EA9F-4F7A-AE7E-CCE0173B3086}"
EndProject
Global
	GlobalSection(SolutionConfigurationPlatforms) = preSolution
		Debug|Any CPU = Debug|Any CPU
		Release|Any CPU = Release|Any CPU
	EndGlobalSection
	GlobalSection(ProjectConfigurationPlatforms) = postSolution
		{D4522DAD-E12F-4E0F-899F-DE3B865535FC}.Debug|Any CPU.ActiveCfg = Debug|Any CPU
		{D4522DAD-E12F-4E0F-899F-DE3B865535FC}.Debug|Any CPU.Build.0 = Debug|Any CPU
		{D4522DAD-E12F-4E0F-899F-DE3B865535FC}.Debug|Any CPU.Deploy.0 = Debug|Any CPU
		{D4522DAD-E12F-4E0F-899F-DE3B865535FC}.Release|Any CPU.ActiveCfg = Release|Any CPU
		{D4522DAD-E12F-4E0F-899F-DE3B865535FC}.Release|Any CPU.Build.0 = Release|Any CPU
		{D4522DAD-E12F-4E0F-899F-DE3B865535FC}.Release|Any CPU.Deploy.0 = Release|Any CPU
		{F1C4A36B-EA9F-4F7A-AE7E-CCE0173B3086}.Debug|Any CPU.ActiveCfg = Debug|Any CPU
		{F1C4A36B-EA9F-4F7A-AE7E-CCE0173B3086}.Debug|Any CPU.Build.0 = Debug|Any CPU
		{F1C4A36B-EA9F-4F7A-AE7E-CCE0173B3086}.Debug|Any CPU.Deploy.0 = Debug|Any CPU
		{F1C4A36B-EA9F-4F7A-AE7E-CCE0173B3086}.Release|Any CPU.ActiveCfg = Release|Any CPU
		{F1C4A36B-EA9F-4F7A-AE7E-CCE0173B3086}.Release|Any CPU.Build.0 = Release|Any CPU
		{F1C4A36B-EA9F-4F7A-AE7E-CCE0173B3086}.Release|Any CPU.Deploy.0 = Release|Any CPU
	EndGlobalSection
	GlobalSection(SolutionProperties) = preSolution
		HideSolutionNode = FALSE
	EndGlobalSection
	GlobalSection(ExtensibilityGlobals) = postSolution
		SolutionGuid = {AC823B91-3FA1-4BE9-8948-319E107741A1}
	EndGlobalSection
EndGlobal
